
Microsoft Visual Studio Solution File, Format Version 12.00
# Visual Studio Version 16
VisualStudioVersion = 16.0.29806.167
MinimumVisualStudioVersion = 10.0.40219.1
Project("{9A19103F-16F7-4668-BE54-9A1E7A4F7556}") = "BedrockServerConfigurator.Library", "BedrockServerConfigurator.Library\BedrockServerConfigurator.Library.csproj", "{C86DD237-3D1B-4A06-BE48-20E7220947FE}"
EndProject
Project("{9A19103F-16F7-4668-BE54-9A1E7A4F7556}") = "BedrockServerConfigurator.BlazorApp", "BedrockServerConfigurator.BlazorApp\BedrockServerConfigurator.BlazorApp.csproj", "{212A95DA-BB36-4C94-A2C7-5B54C42E31FF}"
EndProject
Project("{2150E333-8FDC-42A3-9474-1A3956D46DE8}") = "Solution Items", "Solution Items", "{9BFD874D-3DB5-4F3D-9CE6-D30C0F2D0A24}"
	ProjectSection(SolutionItems) = preProject
		Notes.txt = Notes.txt
	EndProjectSection
EndProject
Project("{FAE04EC0-301F-11D3-BF4B-00C04F79EFBC}") = "BedrockServerConfigurator.ConsoleApp", "BedrockServerConfigurator.ConsoleApp\BedrockServerConfigurator.ConsoleApp.csproj", "{79136F7B-9872-4B96-B54F-3C99403810DA}"
EndProject
Global
	GlobalSection(SolutionConfigurationPlatforms) = preSolution
		Debug|Any CPU = Debug|Any CPU
		Release|Any CPU = Release|Any CPU
	EndGlobalSection
	GlobalSection(ProjectConfigurationPlatforms) = postSolution
		{C86DD237-3D1B-4A06-BE48-20E7220947FE}.Debug|Any CPU.ActiveCfg = Debug|Any CPU
		{C86DD237-3D1B-4A06-BE48-20E7220947FE}.Debug|Any CPU.Build.0 = Debug|Any CPU
		{C86DD237-3D1B-4A06-BE48-20E7220947FE}.Release|Any CPU.ActiveCfg = Release|Any CPU
		{C86DD237-3D1B-4A06-BE48-20E7220947FE}.Release|Any CPU.Build.0 = Release|Any CPU
		{212A95DA-BB36-4C94-A2C7-5B54C42E31FF}.Debug|Any CPU.ActiveCfg = Debug|Any CPU
		{212A95DA-BB36-4C94-A2C7-5B54C42E31FF}.Debug|Any CPU.Build.0 = Debug|Any CPU
		{212A95DA-BB36-4C94-A2C7-5B54C42E31FF}.Release|Any CPU.ActiveCfg = Release|Any CPU
		{212A95DA-BB36-4C94-A2C7-5B54C42E31FF}.Release|Any CPU.Build.0 = Release|Any CPU
		{79136F7B-9872-4B96-B54F-3C99403810DA}.Debug|Any CPU.ActiveCfg = Debug|Any CPU
		{79136F7B-9872-4B96-B54F-3C99403810DA}.Debug|Any CPU.Build.0 = Debug|Any CPU
		{79136F7B-9872-4B96-B54F-3C99403810DA}.Release|Any CPU.ActiveCfg = Release|Any CPU
		{79136F7B-9872-4B96-B54F-3C99403810DA}.Release|Any CPU.Build.0 = Release|Any CPU
	EndGlobalSection
	GlobalSection(SolutionProperties) = preSolution
		HideSolutionNode = FALSE
	EndGlobalSection
	GlobalSection(ExtensibilityGlobals) = postSolution
		SolutionGuid = {534703C7-31C0-41AB-949F-74F18025CB98}
	EndGlobalSection
EndGlobal
