
Microsoft Visual Studio Solution File, Format Version 12.00
# Visual Studio Version 16
VisualStudioVersion = 16.0.29806.167
MinimumVisualStudioVersion = 10.0.40219.1
Project("{9A19103F-16F7-4668-BE54-9A1E7A4F7556}") = "ServerConfigurator_Console", "ServerConfigurator_Console\ServerConfigurator_Console.csproj", "{A12DB82F-6CAA-4FD8-A42C-045BA1735D89}"
EndProject
Project("{FAE04EC0-301F-11D3-BF4B-00C04F79EFBC}") = "BedrockServerConfigurator", "BedrockServerConfigurator\BedrockServerConfigurator.csproj", "{C86DD237-3D1B-4A06-BE48-20E7220947FE}"
EndProject
Global
	GlobalSection(SolutionConfigurationPlatforms) = preSolution
		Debug|Any CPU = Debug|Any CPU
		Release|Any CPU = Release|Any CPU
	EndGlobalSection
	GlobalSection(ProjectConfigurationPlatforms) = postSolution
		{A12DB82F-6CAA-4FD8-A42C-045BA1735D89}.Debug|Any CPU.ActiveCfg = Debug|Any CPU
		{A12DB82F-6CAA-4FD8-A42C-045BA1735D89}.Debug|Any CPU.Build.0 = Debug|Any CPU
		{A12DB82F-6CAA-4FD8-A42C-045BA1735D89}.Release|Any CPU.ActiveCfg = Release|Any CPU
		{A12DB82F-6CAA-4FD8-A42C-045BA1735D89}.Release|Any CPU.Build.0 = Release|Any CPU
		{C86DD237-3D1B-4A06-BE48-20E7220947FE}.Debug|Any CPU.ActiveCfg = Debug|Any CPU
		{C86DD237-3D1B-4A06-BE48-20E7220947FE}.Debug|Any CPU.Build.0 = Debug|Any CPU
		{C86DD237-3D1B-4A06-BE48-20E7220947FE}.Release|Any CPU.ActiveCfg = Release|Any CPU
		{C86DD237-3D1B-4A06-BE48-20E7220947FE}.Release|Any CPU.Build.0 = Release|Any CPU
	EndGlobalSection
	GlobalSection(SolutionProperties) = preSolution
		HideSolutionNode = FALSE
	EndGlobalSection
	GlobalSection(ExtensibilityGlobals) = postSolution
		SolutionGuid = {534703C7-31C0-41AB-949F-74F18025CB98}
	EndGlobalSection
EndGlobal
